{
    "_readme": [
        "This file locks the dependencies of your project to a known state",
        "Read more about it at https://getcomposer.org/doc/01-basic-usage.md#composer-lock-the-lock-file",
        "This file is @generated automatically"
    ],
    "hash": "4a1626aa6080ecb1ba2de2ec1a87ed73",
    "content-hash": "bac446827dd03fa0b6dcd0a6438705fa",
    "packages": [
        {
            "name": "xdire/dude",
            "version": "dev-master",
            "source": {
                "type": "git",
                "url": "https://github.com/xdire/dude.git",
                "reference": "7cb8e432b38fb46651aab7d1ad68f81bb764f329"
            },
            "dist": {
                "type": "zip",
                "url": "https://api.github.com/repos/xdire/dude/zipball/7cb8e432b38fb46651aab7d1ad68f81bb764f329",
                "reference": "7cb8e432b38fb46651aab7d1ad68f81bb764f329",
                "shasum": ""
            },
            "type": "library",
            "autoload": {
                "psr-4": {
                    "Xdire\\Dude\\Core\\": "Core"
                }
            },
            "notification-url": "https://packagist.org/downloads/",
            "license": [
                "MIT"
            ],
            "authors": [
                {
                    "name": "Anton Repin",
                    "email": "ar@xdire.io"
                }
            ],
            "description": "Friendly framework. Duuuudeeee!",
            "keywords": [
                "dude",
                "php"
            ],
            "time": "2016-03-10 21:07:19"
        }
    ],
    "packages-dev": [],
    "aliases": [],
    "minimum-stability": "dev",
    "stability-flags": [],
    "prefer-stable": false,
    "prefer-lowest": false,
    "platform": [],
    "platform-dev": []
}
